
Microsoft Visual Studio Solution File, Format Version 12.00
# Visual Studio Version 17
VisualStudioVersion = 17.14.36414.22 d17.14
MinimumVisualStudioVersion = 10.0.40219.1
Project("{FAE04EC0-301F-11D3-BF4B-00C04F79EFBC}") = "WpfAppGestionDesBornes", "WpfAppGestionDesBornes\WpfAppGestionDesBornes.csproj", "{5D4C31C4-BC3F-4AFE-A22C-AC7CA74620BF}"
EndProject
Global
	GlobalSection(SolutionConfigurationPlatforms) = preSolution
		Debug|Any CPU = Debug|Any CPU
		Release|Any CPU = Release|Any CPU
	EndGlobalSection
	GlobalSection(ProjectConfigurationPlatforms) = postSolution
		{5D4C31C4-BC3F-4AFE-A22C-AC7CA74620BF}.Debug|Any CPU.ActiveCfg = Debug|Any CPU
		{5D4C31C4-BC3F-4AFE-A22C-AC7CA74620BF}.Debug|Any CPU.Build.0 = Debug|Any CPU
		{5D4C31C4-BC3F-4AFE-A22C-AC7CA74620BF}.Release|Any CPU.ActiveCfg = Release|Any CPU
		{5D4C31C4-BC3F-4AFE-A22C-AC7CA74620BF}.Release|Any CPU.Build.0 = Release|Any CPU
	EndGlobalSection
	GlobalSection(SolutionProperties) = preSolution
		HideSolutionNode = FALSE
	EndGlobalSection
	GlobalSection(ExtensibilityGlobals) = postSolution
		SolutionGuid = {C350F992-D2DC-4756-B4CA-DA138330DAB5}
	EndGlobalSection
EndGlobal
